
Microsoft Visual Studio Solution File, Format Version 12.00
# Visual Studio Version 17
VisualStudioVersion = 17.8.34309.116
MinimumVisualStudioVersion = 10.0.40219.1
Project("{FAE04EC0-301F-11D3-BF4B-00C04F79EFBC}") = "CurrencyConvertor", "CurrencyConvertor.csproj", "{1CBCD0F2-3D8F-4206-85C5-D2AB884066BE}"
EndProject
Global
	GlobalSection(SolutionConfigurationPlatforms) = preSolution
		Debug|Any CPU = Debug|Any CPU
		Release|Any CPU = Release|Any CPU
	EndGlobalSection
	GlobalSection(ProjectConfigurationPlatforms) = postSolution
		{1CBCD0F2-3D8F-4206-85C5-D2AB884066BE}.Debug|Any CPU.ActiveCfg = Debug|Any CPU
		{1CBCD0F2-3D8F-4206-85C5-D2AB884066BE}.Debug|Any CPU.Build.0 = Debug|Any CPU
		{1CBCD0F2-3D8F-4206-85C5-D2AB884066BE}.Release|Any CPU.ActiveCfg = Release|Any CPU
		{1CBCD0F2-3D8F-4206-85C5-D2AB884066BE}.Release|Any CPU.Build.0 = Release|Any CPU
	EndGlobalSection
	GlobalSection(SolutionProperties) = preSolution
		HideSolutionNode = FALSE
	EndGlobalSection
	GlobalSection(ExtensibilityGlobals) = postSolution
		SolutionGuid = {B648994F-0648-4B67-B87F-52D8EDB88E04}
	EndGlobalSection
EndGlobal
